<Solution>
  <Project Path="Day 1/Day 1.csproj" Id="15ad2172-27df-492e-8523-9d361ffbf714" />
  <Project Path="Day 2/Day 2.csproj" Id="5bf90bcf-d841-4afe-95ac-cf1a10140b3e" />
  <Project Path="Day 3/Day 3.csproj" Id="96129972-2ba0-4ba8-9744-9dea50507874" />
  <Project Path="Day 4/Day 4.csproj" Id="f40a7ec6-c304-4421-866b-8d3a04db86e0" />
</Solution>
